
Microsoft Visual Studio Solution File, Format Version 12.00
# Visual Studio Version 16
VisualStudioVersion = 16.0.29519.181
MinimumVisualStudioVersion = 10.0.40219.1
Project("{FAE04EC0-301F-11D3-BF4B-00C04F79EFBC}") = "ContactLists", "ContactLists.csproj", "{645D4851-F98D-4D83-9CED-36779708135B}"
EndProject
Global
	GlobalSection(SolutionConfigurationPlatforms) = preSolution
		Debug|Any CPU = Debug|Any CPU
		Release|Any CPU = Release|Any CPU
	EndGlobalSection
	GlobalSection(ProjectConfigurationPlatforms) = postSolution
		{645D4851-F98D-4D83-9CED-36779708135B}.Debug|Any CPU.ActiveCfg = Debug|Any CPU
		{645D4851-F98D-4D83-9CED-36779708135B}.Debug|Any CPU.Build.0 = Debug|Any CPU
		{645D4851-F98D-4D83-9CED-36779708135B}.Release|Any CPU.ActiveCfg = Release|Any CPU
		{645D4851-F98D-4D83-9CED-36779708135B}.Release|Any CPU.Build.0 = Release|Any CPU
	EndGlobalSection
	GlobalSection(SolutionProperties) = preSolution
		HideSolutionNode = FALSE
	EndGlobalSection
	GlobalSection(ExtensibilityGlobals) = postSolution
		SolutionGuid = {2D5AF285-9E74-441E-B8CB-3EACB68239EA}
	EndGlobalSection
EndGlobal
