
Microsoft Visual Studio Solution File, Format Version 12.00
# Visual Studio Version 16
VisualStudioVersion = 16.0.29806.167
MinimumVisualStudioVersion = 10.0.40219.1
Project("{FAE04EC0-301F-11D3-BF4B-00C04F79EFBC}") = "firstXamarinApp", "firstXamarinApp.csproj", "{A4A5C75D-FAB8-4D99-88EE-90FE376BF5D2}"
EndProject
Global
	GlobalSection(SolutionConfigurationPlatforms) = preSolution
		Debug|Any CPU = Debug|Any CPU
		Release|Any CPU = Release|Any CPU
	EndGlobalSection
	GlobalSection(ProjectConfigurationPlatforms) = postSolution
		{A4A5C75D-FAB8-4D99-88EE-90FE376BF5D2}.Debug|Any CPU.ActiveCfg = Debug|Any CPU
		{A4A5C75D-FAB8-4D99-88EE-90FE376BF5D2}.Debug|Any CPU.Build.0 = Debug|Any CPU
		{A4A5C75D-FAB8-4D99-88EE-90FE376BF5D2}.Debug|Any CPU.Deploy.0 = Debug|Any CPU
		{A4A5C75D-FAB8-4D99-88EE-90FE376BF5D2}.Release|Any CPU.ActiveCfg = Release|Any CPU
		{A4A5C75D-FAB8-4D99-88EE-90FE376BF5D2}.Release|Any CPU.Build.0 = Release|Any CPU
		{A4A5C75D-FAB8-4D99-88EE-90FE376BF5D2}.Release|Any CPU.Deploy.0 = Release|Any CPU
	EndGlobalSection
	GlobalSection(SolutionProperties) = preSolution
		HideSolutionNode = FALSE
	EndGlobalSection
	GlobalSection(ExtensibilityGlobals) = postSolution
		SolutionGuid = {1844177C-002A-4D81-B5A4-63B4D4F72FC8}
	EndGlobalSection
EndGlobal
