
Microsoft Visual Studio Solution File, Format Version 12.00
# Visual Studio Version 16
VisualStudioVersion = 16.0.29519.181
MinimumVisualStudioVersion = 10.0.40219.1
Project("{FAE04EC0-301F-11D3-BF4B-00C04F79EFBC}") = "Drawpad", "Drawpad.csproj", "{BC8DF219-21E0-4497-A983-34857AAC07A1}"
EndProject
Global
	GlobalSection(SolutionConfigurationPlatforms) = preSolution
		Debug|Any CPU = Debug|Any CPU
		Release|Any CPU = Release|Any CPU
	EndGlobalSection
	GlobalSection(ProjectConfigurationPlatforms) = postSolution
		{BC8DF219-21E0-4497-A983-34857AAC07A1}.Debug|Any CPU.ActiveCfg = Debug|Any CPU
		{BC8DF219-21E0-4497-A983-34857AAC07A1}.Debug|Any CPU.Build.0 = Debug|Any CPU
		{BC8DF219-21E0-4497-A983-34857AAC07A1}.Release|Any CPU.ActiveCfg = Release|Any CPU
		{BC8DF219-21E0-4497-A983-34857AAC07A1}.Release|Any CPU.Build.0 = Release|Any CPU
	EndGlobalSection
	GlobalSection(SolutionProperties) = preSolution
		HideSolutionNode = FALSE
	EndGlobalSection
	GlobalSection(ExtensibilityGlobals) = postSolution
		SolutionGuid = {FD3C58F5-A37C-49F9-8127-371897FD4387}
	EndGlobalSection
EndGlobal
