
Microsoft Visual Studio Solution File, Format Version 12.00
# Visual Studio Version 16
VisualStudioVersion = 16.0.29519.181
MinimumVisualStudioVersion = 10.0.40219.1
Project("{FAE04EC0-301F-11D3-BF4B-00C04F79EFBC}") = "side11", "side11.csproj", "{4B30750F-F2CD-4E58-9347-9FD2CE579449}"
EndProject
Global
	GlobalSection(SolutionConfigurationPlatforms) = preSolution
		Debug|Any CPU = Debug|Any CPU
		Release|Any CPU = Release|Any CPU
	EndGlobalSection
	GlobalSection(ProjectConfigurationPlatforms) = postSolution
		{4B30750F-F2CD-4E58-9347-9FD2CE579449}.Debug|Any CPU.ActiveCfg = Debug|Any CPU
		{4B30750F-F2CD-4E58-9347-9FD2CE579449}.Debug|Any CPU.Build.0 = Debug|Any CPU
		{4B30750F-F2CD-4E58-9347-9FD2CE579449}.Release|Any CPU.ActiveCfg = Release|Any CPU
		{4B30750F-F2CD-4E58-9347-9FD2CE579449}.Release|Any CPU.Build.0 = Release|Any CPU
	EndGlobalSection
	GlobalSection(SolutionProperties) = preSolution
		HideSolutionNode = FALSE
	EndGlobalSection
	GlobalSection(ExtensibilityGlobals) = postSolution
		SolutionGuid = {CF486C81-F337-4E6F-BE93-64765F0FE2A4}
	EndGlobalSection
EndGlobal
