
Microsoft Visual Studio Solution File, Format Version 12.00
# Visual Studio Version 16
VisualStudioVersion = 16.0.29519.181
MinimumVisualStudioVersion = 10.0.40219.1
Project("{FAE04EC0-301F-11D3-BF4B-00C04F79EFBC}") = "sergiosProvDec19", "sergiosProvDec19\sergiosProvDec19.csproj", "{8E5EC7A1-440E-4712-A3DD-D931B9F3837F}"
EndProject
Global
	GlobalSection(SolutionConfigurationPlatforms) = preSolution
		Debug|Any CPU = Debug|Any CPU
		Release|Any CPU = Release|Any CPU
	EndGlobalSection
	GlobalSection(ProjectConfigurationPlatforms) = postSolution
		{8E5EC7A1-440E-4712-A3DD-D931B9F3837F}.Debug|Any CPU.ActiveCfg = Debug|Any CPU
		{8E5EC7A1-440E-4712-A3DD-D931B9F3837F}.Debug|Any CPU.Build.0 = Debug|Any CPU
		{8E5EC7A1-440E-4712-A3DD-D931B9F3837F}.Release|Any CPU.ActiveCfg = Release|Any CPU
		{8E5EC7A1-440E-4712-A3DD-D931B9F3837F}.Release|Any CPU.Build.0 = Release|Any CPU
	EndGlobalSection
	GlobalSection(SolutionProperties) = preSolution
		HideSolutionNode = FALSE
	EndGlobalSection
	GlobalSection(ExtensibilityGlobals) = postSolution
		SolutionGuid = {5170313F-FC9F-4F6D-8476-DAC8E8BF2BBF}
	EndGlobalSection
EndGlobal
